
Microsoft Visual Studio Solution File, Format Version 12.00
# Visual Studio Version 17
VisualStudioVersion = 17.5.002.0
MinimumVisualStudioVersion = 10.0.40219.1
Project("{9A19103F-16F7-4668-BE54-9A1E7A4F7556}") = "AutoActions", "AutoActions.csproj", "{FA345616-3B7C-4687-9873-89D154B7271C}"
EndProject
Global
	GlobalSection(SolutionConfigurationPlatforms) = preSolution
		Debug|Any CPU = Debug|Any CPU
		Release|Any CPU = Release|Any CPU
	EndGlobalSection
	GlobalSection(ProjectConfigurationPlatforms) = postSolution
		{FA345616-3B7C-4687-9873-89D154B7271C}.Debug|Any CPU.ActiveCfg = Debug|Any CPU
		{FA345616-3B7C-4687-9873-89D154B7271C}.Debug|Any CPU.Build.0 = Debug|Any CPU
		{FA345616-3B7C-4687-9873-89D154B7271C}.Release|Any CPU.ActiveCfg = Release|Any CPU
		{FA345616-3B7C-4687-9873-89D154B7271C}.Release|Any CPU.Build.0 = Release|Any CPU
	EndGlobalSection
	GlobalSection(SolutionProperties) = preSolution
		HideSolutionNode = FALSE
	EndGlobalSection
	GlobalSection(ExtensibilityGlobals) = postSolution
		SolutionGuid = {1D0690B6-1543-484C-B114-C07066FBEB3B}
	EndGlobalSection
EndGlobal
